
Microsoft Visual Studio Solution File, Format Version 12.00
# Visual Studio 15
VisualStudioVersion = 15.0.27703.2035
MinimumVisualStudioVersion = 10.0.40219.1
Project("{FAE04EC0-301F-11D3-BF4B-00C04F79EFBC}") = "FinalProject_v1", "FinalProject_v1\FinalProject_v1.csproj", "{F8172E1F-689E-4D9A-824D-362C3FCB4201}"
EndProject
Global
	GlobalSection(SolutionConfigurationPlatforms) = preSolution
		Debug|Any CPU = Debug|Any CPU
		Release|Any CPU = Release|Any CPU
	EndGlobalSection
	GlobalSection(ProjectConfigurationPlatforms) = postSolution
		{F8172E1F-689E-4D9A-824D-362C3FCB4201}.Debug|Any CPU.ActiveCfg = Debug|Any CPU
		{F8172E1F-689E-4D9A-824D-362C3FCB4201}.Debug|Any CPU.Build.0 = Debug|Any CPU
		{F8172E1F-689E-4D9A-824D-362C3FCB4201}.Release|Any CPU.ActiveCfg = Release|Any CPU
		{F8172E1F-689E-4D9A-824D-362C3FCB4201}.Release|Any CPU.Build.0 = Release|Any CPU
	EndGlobalSection
	GlobalSection(SolutionProperties) = preSolution
		HideSolutionNode = FALSE
	EndGlobalSection
	GlobalSection(ExtensibilityGlobals) = postSolution
		SolutionGuid = {25F5AB8F-D9BD-4033-B324-23C4E0F542EC}
	EndGlobalSection
EndGlobal
