
Microsoft Visual Studio Solution File, Format Version 12.00
# Visual Studio 15
VisualStudioVersion = 15.0.27703.2035
MinimumVisualStudioVersion = 10.0.40219.1
Project("{FAE04EC0-301F-11D3-BF4B-00C04F79EFBC}") = "CE02_DatabaseConnectivity", "CE02_DatabaseConnectivity\CE02_DatabaseConnectivity.csproj", "{A8CE0396-B36A-4014-8C69-841D403E9AEC}"
EndProject
Global
	GlobalSection(SolutionConfigurationPlatforms) = preSolution
		Debug|Any CPU = Debug|Any CPU
		Release|Any CPU = Release|Any CPU
	EndGlobalSection
	GlobalSection(ProjectConfigurationPlatforms) = postSolution
		{A8CE0396-B36A-4014-8C69-841D403E9AEC}.Debug|Any CPU.ActiveCfg = Debug|Any CPU
		{A8CE0396-B36A-4014-8C69-841D403E9AEC}.Debug|Any CPU.Build.0 = Debug|Any CPU
		{A8CE0396-B36A-4014-8C69-841D403E9AEC}.Release|Any CPU.ActiveCfg = Release|Any CPU
		{A8CE0396-B36A-4014-8C69-841D403E9AEC}.Release|Any CPU.Build.0 = Release|Any CPU
	EndGlobalSection
	GlobalSection(SolutionProperties) = preSolution
		HideSolutionNode = FALSE
	EndGlobalSection
	GlobalSection(ExtensibilityGlobals) = postSolution
		SolutionGuid = {7BDD2654-205A-4A95-BAAC-09D3DB8C0E0F}
	EndGlobalSection
EndGlobal
